// !$*UTF8*$!
{
	archiveVersion = 1;
	classes = {
	};
	objectVersion = 50;
	objects = {

/* Begin PBXBuildFile section */
		303A5076233535E90044665A /* DecimalMinusTextField.swift in Sources */ = {isa = PBXBuildFile; fileRef = 303A5075233535E90044665A /* DecimalMinusTextField.swift */; };
		303DB9772335349B000B7EE4 /* AppDelegate.swift in Sources */ = {isa = PBXBuildFile; fileRef = 303DB9762335349B000B7EE4 /* AppDelegate.swift */; };
		303DB9792335349B000B7EE4 /* ViewController.swift in Sources */ = {isa = PBXBuildFile; fileRef = 303DB9782335349B000B7EE4 /* ViewController.swift */; };
		303DB97C2335349B000B7EE4 /* Main.storyboard in Resources */ = {isa = PBXBuildFile; fileRef = 303DB97A2335349B000B7EE4 /* Main.storyboard */; };
		303DB97E2335349C000B7EE4 /* Assets.xcassets in Resources */ = {isa = PBXBuildFile; fileRef = 303DB97D2335349C000B7EE4 /* Assets.xcassets */; };
		303DB9812335349C000B7EE4 /* LaunchScreen.storyboard in Resources */ = {isa = PBXBuildFile; fileRef = 303DB97F2335349C000B7EE4 /* LaunchScreen.storyboard */; };
		303DB98C2335349D000B7EE4 /* Conversion_CalculatorTests.swift in Sources */ = {isa = PBXBuildFile; fileRef = 303DB98B2335349D000B7EE4 /* Conversion_CalculatorTests.swift */; };
		303DB9972335349D000B7EE4 /* Conversion_CalculatorUITests.swift in Sources */ = {isa = PBXBuildFile; fileRef = 303DB9962335349D000B7EE4 /* Conversion_CalculatorUITests.swift */; };
		3064D231233A95BA0007549F /* SettingsViewController.swift in Sources */ = {isa = PBXBuildFile; fileRef = 3064D230233A95BA0007549F /* SettingsViewController.swift */; };
		308C981323392A2B00E88E17 /* UnitsAndModes.swift in Sources */ = {isa = PBXBuildFile; fileRef = 308C981223392A2B00E88E17 /* UnitsAndModes.swift */; };
/* End PBXBuildFile section */

/* Begin PBXContainerItemProxy section */
		303DB9882335349D000B7EE4 /* PBXContainerItemProxy */ = {
			isa = PBXContainerItemProxy;
			containerPortal = 303DB96B2335349B000B7EE4 /* Project object */;
			proxyType = 1;
			remoteGlobalIDString = 303DB9722335349B000B7EE4;
			remoteInfo = "Conversion-Calculator";
		};
		303DB9932335349D000B7EE4 /* PBXContainerItemProxy */ = {
			isa = PBXContainerItemProxy;
			containerPortal = 303DB96B2335349B000B7EE4 /* Project object */;
			proxyType = 1;
			remoteGlobalIDString = 303DB9722335349B000B7EE4;
			remoteInfo = "Conversion-Calculator";
		};
/* End PBXContainerItemProxy section */

/* Begin PBXFileReference section */
		303A5075233535E90044665A /* DecimalMinusTextField.swift */ = {isa = PBXFileReference; fileEncoding = 4; lastKnownFileType = sourcecode.swift; path = DecimalMinusTextField.swift; sourceTree = "<group>"; };
		303DB9732335349B000B7EE4 /* Conversion-Calculator.app */ = {isa = PBXFileReference; explicitFileType = wrapper.application; includeInIndex = 0; path = "Conversion-Calculator.app"; sourceTree = BUILT_PRODUCTS_DIR; };
		303DB9762335349B000B7EE4 /* AppDelegate.swift */ = {isa = PBXFileReference; lastKnownFileType = sourcecode.swift; path = AppDelegate.swift; sourceTree = "<group>"; };
		303DB9782335349B000B7EE4 /* ViewController.swift */ = {isa = PBXFileReference; lastKnownFileType = sourcecode.swift; path = ViewController.swift; sourceTree = "<group>"; };
		303DB97B2335349B000B7EE4 /* Base */ = {isa = PBXFileReference; lastKnownFileType = file.storyboard; name = Base; path = Base.lproj/Main.storyboard; sourceTree = "<group>"; };
		303DB97D2335349C000B7EE4 /* Assets.xcassets */ = {isa = PBXFileReference; lastKnownFileType = folder.assetcatalog; path = Assets.xcassets; sourceTree = "<group>"; };
		303DB9802335349C000B7EE4 /* Base */ = {isa = PBXFileReference; lastKnownFileType = file.storyboard; name = Base; path = Base.lproj/LaunchScreen.storyboard; sourceTree = "<group>"; };
		303DB9822335349C000B7EE4 /* Info.plist */ = {isa = PBXFileReference; lastKnownFileType = text.plist.xml; path = Info.plist; sourceTree = "<group>"; };
		303DB9872335349D000B7EE4 /* Conversion-CalculatorTests.xctest */ = {isa = PBXFileReference; explicitFileType = wrapper.cfbundle; includeInIndex = 0; path = "Conversion-CalculatorTests.xctest"; sourceTree = BUILT_PRODUCTS_DIR; };
		303DB98B2335349D000B7EE4 /* Conversion_CalculatorTests.swift */ = {isa = PBXFileReference; lastKnownFileType = sourcecode.swift; path = Conversion_CalculatorTests.swift; sourceTree = "<group>"; };
		303DB98D2335349D000B7EE4 /* Info.plist */ = {isa = PBXFileReference; lastKnownFileType = text.plist.xml; path = Info.plist; sourceTree = "<group>"; };
		303DB9922335349D000B7EE4 /* Conversion-CalculatorUITests.xctest */ = {isa = PBXFileReference; explicitFileType = wrapper.cfbundle; includeInIndex = 0; path = "Conversion-CalculatorUITests.xctest"; sourceTree = BUILT_PRODUCTS_DIR; };
		303DB9962335349D000B7EE4 /* Conversion_CalculatorUITests.swift */ = {isa = PBXFileReference; lastKnownFileType = sourcecode.swift; path = Conversion_CalculatorUITests.swift; sourceTree = "<group>"; };
		303DB9982335349D000B7EE4 /* Info.plist */ = {isa = PBXFileReference; lastKnownFileType = text.plist.xml; path = Info.plist; sourceTree = "<group>"; };
		3064D230233A95BA0007549F /* SettingsViewController.swift */ = {isa = PBXFileReference; lastKnownFileType = sourcecode.swift; path = SettingsViewController.swift; sourceTree = "<group>"; };
		308C981223392A2B00E88E17 /* UnitsAndModes.swift */ = {isa = PBXFileReference; fileEncoding = 4; lastKnownFileType = sourcecode.swift; path = UnitsAndModes.swift; sourceTree = "<group>"; };
/* End PBXFileReference section */

/* Begin PBXFrameworksBuildPhase section */
		303DB9702335349B000B7EE4 /* Frameworks */ = {
			isa = PBXFrameworksBuildPhase;
			buildActionMask = 2147483647;
			files = (
			);
			runOnlyForDeploymentPostprocessing = 0;
		};
		303DB9842335349D000B7EE4 /* Frameworks */ = {
			isa = PBXFrameworksBuildPhase;
			buildActionMask = 2147483647;
			files = (
			);
			runOnlyForDeploymentPostprocessing = 0;
		};
		303DB98F2335349D000B7EE4 /* Frameworks */ = {
			isa = PBXFrameworksBuildPhase;
			buildActionMask = 2147483647;
			files = (
			);
			runOnlyForDeploymentPostprocessing = 0;
		};
/* End PBXFrameworksBuildPhase section */

/* Begin PBXGroup section */
		303DB96A2335349B000B7EE4 = {
			isa = PBXGroup;
			children = (
				303DB9752335349B000B7EE4 /* Conversion-Calculator */,
				303DB98A2335349D000B7EE4 /* Conversion-CalculatorTests */,
				303DB9952335349D000B7EE4 /* Conversion-CalculatorUITests */,
				303DB9742335349B000B7EE4 /* Products */,
			);
			sourceTree = "<group>";
		};
		303DB9742335349B000B7EE4 /* Products */ = {
			isa = PBXGroup;
			children = (
				303DB9732335349B000B7EE4 /* Conversion-Calculator.app */,
				303DB9872335349D000B7EE4 /* Conversion-CalculatorTests.xctest */,
				303DB9922335349D000B7EE4 /* Conversion-CalculatorUITests.xctest */,
			);
			name = Products;
			sourceTree = "<group>";
		};
		303DB9752335349B000B7EE4 /* Conversion-Calculator */ = {
			isa = PBXGroup;
			children = (
				303DB9762335349B000B7EE4 /* AppDelegate.swift */,
				303DB9782335349B000B7EE4 /* ViewController.swift */,
				303DB97A2335349B000B7EE4 /* Main.storyboard */,
				3064D230233A95BA0007549F /* SettingsViewController.swift */,
				303DB97D2335349C000B7EE4 /* Assets.xcassets */,
				303A5075233535E90044665A /* DecimalMinusTextField.swift */,
				303DB97F2335349C000B7EE4 /* LaunchScreen.storyboard */,
				308C981223392A2B00E88E17 /* UnitsAndModes.swift */,
				303DB9822335349C000B7EE4 /* Info.plist */,
			);
			path = "Conversion-Calculator";
			sourceTree = "<group>";
		};
		303DB98A2335349D000B7EE4 /* Conversion-CalculatorTests */ = {
			isa = PBXGroup;
			children = (
				303DB98B2335349D000B7EE4 /* Conversion_CalculatorTests.swift */,
				303DB98D2335349D000B7EE4 /* Info.plist */,
			);
			path = "Conversion-CalculatorTests";
			sourceTree = "<group>";
		};
		303DB9952335349D000B7EE4 /* Conversion-CalculatorUITests */ = {
			isa = PBXGroup;
			children = (
				303DB9962335349D000B7EE4 /* Conversion_CalculatorUITests.swift */,
				303DB9982335349D000B7EE4 /* Info.plist */,
			);
			path = "Conversion-CalculatorUITests";
			sourceTree = "<group>";
		};
/* End PBXGroup section */

/* Begin PBXNativeTarget section */
		303DB9722335349B000B7EE4 /* Conversion-Calculator */ = {
			isa = PBXNativeTarget;
			buildConfigurationList = 303DB99B2335349D000B7EE4 /* Build configuration list for PBXNativeTarget "Conversion-Calculator" */;
			buildPhases = (
				303DB96F2335349B000B7EE4 /* Sources */,
				303DB9702335349B000B7EE4 /* Frameworks */,
				303DB9712335349B000B7EE4 /* Resources */,
			);
			buildRules = (
			);
			dependencies = (
			);
			name = "Conversion-Calculator";
			productName = "Conversion-Calculator";
			productReference = 303DB9732335349B000B7EE4 /* Conversion-Calculator.app */;
			productType = "com.apple.product-type.application";
		};
		303DB9862335349D000B7EE4 /* Conversion-CalculatorTests */ = {
			isa = PBXNativeTarget;
			buildConfigurationList = 303DB99E2335349D000B7EE4 /* Build configuration list for PBXNativeTarget "Conversion-CalculatorTests" */;
			buildPhases = (
				303DB9832335349D000B7EE4 /* Sources */,
				303DB9842335349D000B7EE4 /* Frameworks */,
				303DB9852335349D000B7EE4 /* Resources */,
			);
			buildRules = (
			);
			dependencies = (
				303DB9892335349D000B7EE4 /* PBXTargetDependency */,
			);
			name = "Conversion-CalculatorTests";
			productName = "Conversion-CalculatorTests";
			productReference = 303DB9872335349D000B7EE4 /* Conversion-CalculatorTests.xctest */;
			productType = "com.apple.product-type.bundle.unit-test";
		};
		303DB9912335349D000B7EE4 /* Conversion-CalculatorUITests */ = {
			isa = PBXNativeTarget;
			buildConfigurationList = 303DB9A12335349D000B7EE4 /* Build configuration list for PBXNativeTarget "Conversion-CalculatorUITests" */;
			buildPhases = (
				303DB98E2335349D000B7EE4 /* Sources */,
				303DB98F2335349D000B7EE4 /* Frameworks */,
				303DB9902335349D000B7EE4 /* Resources */,
			);
			buildRules = (
			);
			dependencies = (
				303DB9942335349D000B7EE4 /* PBXTargetDependency */,
			);
			name = "Conversion-CalculatorUITests";
			productName = "Conversion-CalculatorUITests";
			productReference = 303DB9922335349D000B7EE4 /* Conversion-CalculatorUITests.xctest */;
			productType = "com.apple.product-type.bundle.ui-testing";
		};
/* End PBXNativeTarget section */

/* Begin PBXProject section */
		303DB96B2335349B000B7EE4 /* Project object */ = {
			isa = PBXProject;
			attributes = {
				LastSwiftUpdateCheck = 1030;
				LastUpgradeCheck = 1030;
				ORGANIZATIONNAME = "Cole Sellers";
				TargetAttributes = {
					303DB9722335349B000B7EE4 = {
						CreatedOnToolsVersion = 10.3;
					};
					303DB9862335349D000B7EE4 = {
						CreatedOnToolsVersion = 10.3;
						TestTargetID = 303DB9722335349B000B7EE4;
					};
					303DB9912335349D000B7EE4 = {
						CreatedOnToolsVersion = 10.3;
						TestTargetID = 303DB9722335349B000B7EE4;
					};
				};
			};
			buildConfigurationList = 303DB96E2335349B000B7EE4 /* Build configuration list for PBXProject "Conversion-Calculator" */;
			compatibilityVersion = "Xcode 9.3";
			developmentRegion = en;
			hasScannedForEncodings = 0;
			knownRegions = (
				en,
				Base,
			);
			mainGroup = 303DB96A2335349B000B7EE4;
			productRefGroup = 303DB9742335349B000B7EE4 /* Products */;
			projectDirPath = "";
			projectRoot = "";
			targets = (
				303DB9722335349B000B7EE4 /* Conversion-Calculator */,
				303DB9862335349D000B7EE4 /* Conversion-CalculatorTests */,
				303DB9912335349D000B7EE4 /* Conversion-CalculatorUITests */,
			);
		};
/* End PBXProject section */

/* Begin PBXResourcesBuildPhase section */
		303DB9712335349B000B7EE4 /* Resources */ = {
			isa = PBXResourcesBuildPhase;
			buildActionMask = 2147483647;
			files = (
				303DB9812335349C000B7EE4 /* LaunchScreen.storyboard in Resources */,
				303DB97E2335349C000B7EE4 /* Assets.xcassets in Resources */,
				303DB97C2335349B000B7EE4 /* Main.storyboard in Resources */,
			);
			runOnlyForDeploymentPostprocessing = 0;
		};
		303DB9852335349D000B7EE4 /* Resources */ = {
			isa = PBXResourcesBuildPhase;
			buildActionMask = 2147483647;
			files = (
			);
			runOnlyForDeploymentPostprocessing = 0;
		};
		303DB9902335349D000B7EE4 /* Resources */ = {
			isa = PBXResourcesBuildPhase;
			buildActionMask = 2147483647;
			files = (
			);
			runOnlyForDeploymentPostprocessing = 0;
		};
/* End PBXResourcesBuildPhase section */

/* Begin PBXSourcesBuildPhase section */
		303DB96F2335349B000B7EE4 /* Sources */ = {
			isa = PBXSourcesBuildPhase;
			buildActionMask = 2147483647;
			files = (
				308C981323392A2B00E88E17 /* UnitsAndModes.swift in Sources */,
				303A5076233535E90044665A /* DecimalMinusTextField.swift in Sources */,
				303DB9792335349B000B7EE4 /* ViewController.swift in Sources */,
				3064D231233A95BA0007549F /* SettingsViewController.swift in Sources */,
				303DB9772335349B000B7EE4 /* AppDelegate.swift in Sources */,
			);
			runOnlyForDeploymentPostprocessing = 0;
		};
		303DB9832335349D000B7EE4 /* Sources */ = {
			isa = PBXSourcesBuildPhase;
			buildActionMask = 2147483647;
			files = (
				303DB98C2335349D000B7EE4 /* Conversion_CalculatorTests.swift in Sources */,
			);
			runOnlyForDeploymentPostprocessing = 0;
		};
		303DB98E2335349D000B7EE4 /* Sources */ = {
			isa = PBXSourcesBuildPhase;
			buildActionMask = 2147483647;
			files = (
				303DB9972335349D000B7EE4 /* Conversion_CalculatorUITests.swift in Sources */,
			);
			runOnlyForDeploymentPostprocessing = 0;
		};
/* End PBXSourcesBuildPhase section */

/* Begin PBXTargetDependency section */
		303DB9892335349D000B7EE4 /* PBXTargetDependency */ = {
			isa = PBXTargetDependency;
			target = 303DB9722335349B000B7EE4 /* Conversion-Calculator */;
			targetProxy = 303DB9882335349D000B7EE4 /* PBXContainerItemProxy */;
		};
		303DB9942335349D000B7EE4 /* PBXTargetDependency */ = {
			isa = PBXTargetDependency;
			target = 303DB9722335349B000B7EE4 /* Conversion-Calculator */;
			targetProxy = 303DB9932335349D000B7EE4 /* PBXContainerItemProxy */;
		};
/* End PBXTargetDependency section */

/* Begin PBXVariantGroup section */
		303DB97A2335349B000B7EE4 /* Main.storyboard */ = {
			isa = PBXVariantGroup;
			children = (
				303DB97B2335349B000B7EE4 /* Base */,
			);
			name = Main.storyboard;
			sourceTree = "<group>";
		};
		303DB97F2335349C000B7EE4 /* LaunchScreen.storyboard */ = {
			isa = PBXVariantGroup;
			children = (
				303DB9802335349C000B7EE4 /* Base */,
			);
			name = LaunchScreen.storyboard;
			sourceTree = "<group>";
		};
/* End PBXVariantGroup section */

/* Begin XCBuildConfiguration section */
		303DB9992335349D000B7EE4 /* Debug */ = {
			isa = XCBuildConfiguration;
			buildSettings = {
				ALWAYS_SEARCH_USER_PATHS = NO;
				CLANG_ANALYZER_NONNULL = YES;
				CLANG_ANALYZER_NUMBER_OBJECT_CONVERSION = YES_AGGRESSIVE;
				CLANG_CXX_LANGUAGE_STANDARD = "gnu++14";
				CLANG_CXX_LIBRARY = "libc++";
				CLANG_ENABLE_MODULES = YES;
				CLANG_ENABLE_OBJC_ARC = YES;
				CLANG_ENABLE_OBJC_WEAK = YES;
				CLANG_WARN_BLOCK_CAPTURE_AUTORELEASING = YES;
				CLANG_WARN_BOOL_CONVERSION = YES;
				CLANG_WARN_COMMA = YES;
				CLANG_WARN_CONSTANT_CONVERSION = YES;
				CLANG_WARN_DEPRECATED_OBJC_IMPLEMENTATIONS = YES;
				CLANG_WARN_DIRECT_OBJC_ISA_USAGE = YES_ERROR;
				CLANG_WARN_DOCUMENTATION_COMMENTS = YES;
				CLANG_WARN_EMPTY_BODY = YES;
				CLANG_WARN_ENUM_CONVERSION = YES;
				CLANG_WARN_INFINITE_RECURSION = YES;
				CLANG_WARN_INT_CONVERSION = YES;
				CLANG_WARN_NON_LITERAL_NULL_CONVERSION = YES;
				CLANG_WARN_OBJC_IMPLICIT_RETAIN_SELF = YES;
				CLANG_WARN_OBJC_LITERAL_CONVERSION = YES;
				CLANG_WARN_OBJC_ROOT_CLASS = YES_ERROR;
				CLANG_WARN_RANGE_LOOP_ANALYSIS = YES;
				CLANG_WARN_STRICT_PROTOTYPES = YES;
				CLANG_WARN_SUSPICIOUS_MOVE = YES;
				CLANG_WARN_UNGUARDED_AVAILABILITY = YES_AGGRESSIVE;
				CLANG_WARN_UNREACHABLE_CODE = YES;
				CLANG_WARN__DUPLICATE_METHOD_MATCH = YES;
				CODE_SIGN_IDENTITY = "iPhone Developer";
				COPY_PHASE_STRIP = NO;
				DEBUG_INFORMATION_FORMAT = dwarf;
				ENABLE_STRICT_OBJC_MSGSEND = YES;
				ENABLE_TESTABILITY = YES;
				GCC_C_LANGUAGE_STANDARD = gnu11;
				GCC_DYNAMIC_NO_PIC = NO;
				GCC_NO_COMMON_BLOCKS = YES;
				GCC_OPTIMIZATION_LEVEL = 0;
				GCC_PREPROCESSOR_DEFINITIONS = (
					"DEBUG=1",
					"$(inherited)",
				);
				GCC_WARN_64_TO_32_BIT_CONVERSION = YES;
				GCC_WARN_ABOUT_RETURN_TYPE = YES_ERROR;
				GCC_WARN_UNDECLARED_SELECTOR = YES;
				GCC_WARN_UNINITIALIZED_AUTOS = YES_AGGRESSIVE;
				GCC_WARN_UNUSED_FUNCTION = YES;
				GCC_WARN_UNUSED_VARIABLE = YES;
				IPHONEOS_DEPLOYMENT_TARGET = 12.4;
				MTL_ENABLE_DEBUG_INFO = INCLUDE_SOURCE;
				MTL_FAST_MATH = YES;
				ONLY_ACTIVE_ARCH = YES;
				SDKROOT = iphoneos;
				SWIFT_ACTIVE_COMPILATION_CONDITIONS = DEBUG;
				SWIFT_OPTIMIZATION_LEVEL = "-Onone";
			};
			name = Debug;
		};
		303DB99A2335349D000B7EE4 /* Release */ = {
			isa = XCBuildConfiguration;
			buildSettings = {
				ALWAYS_SEARCH_USER_PATHS = NO;
				CLANG_ANALYZER_NONNULL = YES;
				CLANG_ANALYZER_NUMBER_OBJECT_CONVERSION = YES_AGGRESSIVE;
				CLANG_CXX_LANGUAGE_STANDARD = "gnu++14";
				CLANG_CXX_LIBRARY = "libc++";
				CLANG_ENABLE_MODULES = YES;
				CLANG_ENABLE_OBJC_ARC = YES;
				CLANG_ENABLE_OBJC_WEAK = YES;
				CLANG_WARN_BLOCK_CAPTURE_AUTORELEASING = YES;
				CLANG_WARN_BOOL_CONVERSION = YES;
				CLANG_WARN_COMMA = YES;
				CLANG_WARN_CONSTANT_CONVERSION = YES;
				CLANG_WARN_DEPRECATED_OBJC_IMPLEMENTATIONS = YES;
				CLANG_WARN_DIRECT_OBJC_ISA_USAGE = YES_ERROR;
				CLANG_WARN_DOCUMENTATION_COMMENTS = YES;
				CLANG_WARN_EMPTY_BODY = YES;
				CLANG_WARN_ENUM_CONVERSION = YES;
				CLANG_WARN_INFINITE_RECURSION = YES;
				CLANG_WARN_INT_CONVERSION = YES;
				CLANG_WARN_NON_LITERAL_NULL_CONVERSION = YES;
				CLANG_WARN_OBJC_IMPLICIT_RETAIN_SELF = YES;
				CLANG_WARN_OBJC_LITERAL_CONVERSION = YES;
				CLANG_WARN_OBJC_ROOT_CLASS = YES_ERROR;
				CLANG_WARN_RANGE_LOOP_ANALYSIS = YES;
				CLANG_WARN_STRICT_PROTOTYPES = YES;
				CLANG_WARN_SUSPICIOUS_MOVE = YES;
				CLANG_WARN_UNGUARDED_AVAILABILITY = YES_AGGRESSIVE;
				CLANG_WARN_UNREACHABLE_CODE = YES;
				CLANG_WARN__DUPLICATE_METHOD_MATCH = YES;
				CODE_SIGN_IDENTITY = "iPhone Developer";
				COPY_PHASE_STRIP = NO;
				DEBUG_INFORMATION_FORMAT = "dwarf-with-dsym";
				ENABLE_NS_ASSERTIONS = NO;
				ENABLE_STRICT_OBJC_MSGSEND = YES;
				GCC_C_LANGUAGE_STANDARD = gnu11;
				GCC_NO_COMMON_BLOCKS = YES;
				GCC_WARN_64_TO_32_BIT_CONVERSION = YES;
				GCC_WARN_ABOUT_RETURN_TYPE = YES_ERROR;
				GCC_WARN_UNDECLARED_SELECTOR = YES;
				GCC_WARN_UNINITIALIZED_AUTOS = YES_AGGRESSIVE;
				GCC_WARN_UNUSED_FUNCTION = YES;
				GCC_WARN_UNUSED_VARIABLE = YES;
				IPHONEOS_DEPLOYMENT_TARGET = 12.4;
				MTL_ENABLE_DEBUG_INFO = NO;
				MTL_FAST_MATH = YES;
				SDKROOT = iphoneos;
				SWIFT_COMPILATION_MODE = wholemodule;
				SWIFT_OPTIMIZATION_LEVEL = "-O";
				VALIDATE_PRODUCT = YES;
			};
			name = Release;
		};
		303DB99C2335349D000B7EE4 /* Debug */ = {
			isa = XCBuildConfiguration;
			buildSettings = {
				ASSETCATALOG_COMPILER_APPICON_NAME = AppIcon;
				CODE_SIGN_STYLE = Automatic;
				INFOPLIST_FILE = "Conversion-Calculator/Info.plist";
				LD_RUNPATH_SEARCH_PATHS = (
					"$(inherited)",
					"@executable_path/Frameworks",
				);
				PRODUCT_BUNDLE_IDENTIFIER = "com.colesellers.Conversion-Calculator";
				PRODUCT_NAME = "$(TARGET_NAME)";
				SWIFT_VERSION = 5.0;
				TARGETED_DEVICE_FAMILY = "1,2";
			};
			name = Debug;
		};
		303DB99D2335349D000B7EE4 /* Release */ = {
			isa = XCBuildConfiguration;
			buildSettings = {
				ASSETCATALOG_COMPILER_APPICON_NAME = AppIcon;
				CODE_SIGN_STYLE = Automatic;
				INFOPLIST_FILE = "Conversion-Calculator/Info.plist";
				LD_RUNPATH_SEARCH_PATHS = (
					"$(inherited)",
					"@executable_path/Frameworks",
				);
				PRODUCT_BUNDLE_IDENTIFIER = "com.colesellers.Conversion-Calculator";
				PRODUCT_NAME = "$(TARGET_NAME)";
				SWIFT_VERSION = 5.0;
				TARGETED_DEVICE_FAMILY = "1,2";
			};
			name = Release;
		};
		303DB99F2335349D000B7EE4 /* Debug */ = {
			isa = XCBuildConfiguration;
			buildSettings = {
				ALWAYS_EMBED_SWIFT_STANDARD_LIBRARIES = YES;
				BUNDLE_LOADER = "$(TEST_HOST)";
				CODE_SIGN_STYLE = Automatic;
				INFOPLIST_FILE = "Conversion-CalculatorTests/Info.plist";
				LD_RUNPATH_SEARCH_PATHS = (
					"$(inherited)",
					"@executable_path/Frameworks",
					"@loader_path/Frameworks",
				);
				PRODUCT_BUNDLE_IDENTIFIER = "com.colesellers.Conversion-CalculatorTests";
				PRODUCT_NAME = "$(TARGET_NAME)";
				SWIFT_VERSION = 5.0;
				TARGETED_DEVICE_FAMILY = "1,2";
				TEST_HOST = "$(BUILT_PRODUCTS_DIR)/Conversion-Calculator.app/Conversion-Calculator";
			};
			name = Debug;
		};
		303DB9A02335349D000B7EE4 /* Release */ = {
			isa = XCBuildConfiguration;
			buildSettings = {
				ALWAYS_EMBED_SWIFT_STANDARD_LIBRARIES = YES;
				BUNDLE_LOADER = "$(TEST_HOST)";
				CODE_SIGN_STYLE = Automatic;
				INFOPLIST_FILE = "Conversion-CalculatorTests/Info.plist";
				LD_RUNPATH_SEARCH_PATHS = (
					"$(inherited)",
					"@executable_path/Frameworks",
					"@loader_path/Frameworks",
				);
				PRODUCT_BUNDLE_IDENTIFIER = "com.colesellers.Conversion-CalculatorTests";
				PRODUCT_NAME = "$(TARGET_NAME)";
				SWIFT_VERSION = 5.0;
				TARGETED_DEVICE_FAMILY = "1,2";
				TEST_HOST = "$(BUILT_PRODUCTS_DIR)/Conversion-Calculator.app/Conversion-Calculator";
			};
			name = Release;
		};
		303DB9A22335349D000B7EE4 /* Debug */ = {
			isa = XCBuildConfiguration;
			buildSettings = {
				ALWAYS_EMBED_SWIFT_STANDARD_LIBRARIES = YES;
				CODE_SIGN_STYLE = Automatic;
				INFOPLIST_FILE = "Conversion-CalculatorUITests/Info.plist";
				LD_RUNPATH_SEARCH_PATHS = (
					"$(inherited)",
					"@executable_path/Frameworks",
					"@loader_path/Frameworks",
				);
				PRODUCT_BUNDLE_IDENTIFIER = "com.colesellers.Conversion-CalculatorUITests";
				PRODUCT_NAME = "$(TARGET_NAME)";
				SWIFT_VERSION = 5.0;
				TARGETED_DEVICE_FAMILY = "1,2";
				TEST_TARGET_NAME = "Conversion-Calculator";
			};
			name = Debug;
		};
		303DB9A32335349D000B7EE4 /* Release */ = {
			isa = XCBuildConfiguration;
			buildSettings = {
				ALWAYS_EMBED_SWIFT_STANDARD_LIBRARIES = YES;
				CODE_SIGN_STYLE = Automatic;
				INFOPLIST_FILE = "Conversion-CalculatorUITests/Info.plist";
				LD_RUNPATH_SEARCH_PATHS = (
					"$(inherited)",
					"@executable_path/Frameworks",
					"@loader_path/Frameworks",
				);
				PRODUCT_BUNDLE_IDENTIFIER = "com.colesellers.Conversion-CalculatorUITests";
				PRODUCT_NAME = "$(TARGET_NAME)";
				SWIFT_VERSION = 5.0;
				TARGETED_DEVICE_FAMILY = "1,2";
				TEST_TARGET_NAME = "Conversion-Calculator";
			};
			name = Release;
		};
/* End XCBuildConfiguration section */

/* Begin XCConfigurationList section */
		303DB96E2335349B000B7EE4 /* Build configuration list for PBXProject "Conversion-Calculator" */ = {
			isa = XCConfigurationList;
			buildConfigurations = (
				303DB9992335349D000B7EE4 /* Debug */,
				303DB99A2335349D000B7EE4 /* Release */,
			);
			defaultConfigurationIsVisible = 0;
			defaultConfigurationName = Release;
		};
		303DB99B2335349D000B7EE4 /* Build configuration list for PBXNativeTarget "Conversion-Calculator" */ = {
			isa = XCConfigurationList;
			buildConfigurations = (
				303DB99C2335349D000B7EE4 /* Debug */,
				303DB99D2335349D000B7EE4 /* Release */,
			);
			defaultConfigurationIsVisible = 0;
			defaultConfigurationName = Release;
		};
		303DB99E2335349D000B7EE4 /* Build configuration list for PBXNativeTarget "Conversion-CalculatorTests" */ = {
			isa = XCConfigurationList;
			buildConfigurations = (
				303DB99F2335349D000B7EE4 /* Debug */,
				303DB9A02335349D000B7EE4 /* Release */,
			);
			defaultConfigurationIsVisible = 0;
			defaultConfigurationName = Release;
		};
		303DB9A12335349D000B7EE4 /* Build configuration list for PBXNativeTarget "Conversion-CalculatorUITests" */ = {
			isa = XCConfigurationList;
			buildConfigurations = (
				303DB9A22335349D000B7EE4 /* Debug */,
				303DB9A32335349D000B7EE4 /* Release */,
			);
			defaultConfigurationIsVisible = 0;
			defaultConfigurationName = Release;
		};
/* End XCConfigurationList section */
	};
	rootObject = 303DB96B2335349B000B7EE4 /* Project object */;
}
